
Microsoft Visual Studio Solution File, Format Version 12.00
# Visual Studio Version 17
VisualStudioVersion = 17.4.33110.190
MinimumVisualStudioVersion = 10.0.40219.1
Project("{FAE04EC0-301F-11D3-BF4B-00C04F79EFBC}") = "MvcVistas", "MvcVistas\MvcVistas.csproj", "{9600459F-6434-4AE3-9FE8-EB44670BD5CE}"
EndProject
Global
	GlobalSection(SolutionConfigurationPlatforms) = preSolution
		Debug|Any CPU = Debug|Any CPU
		Release|Any CPU = Release|Any CPU
	EndGlobalSection
	GlobalSection(ProjectConfigurationPlatforms) = postSolution
		{9600459F-6434-4AE3-9FE8-EB44670BD5CE}.Debug|Any CPU.ActiveCfg = Debug|Any CPU
		{9600459F-6434-4AE3-9FE8-EB44670BD5CE}.Debug|Any CPU.Build.0 = Debug|Any CPU
		{9600459F-6434-4AE3-9FE8-EB44670BD5CE}.Release|Any CPU.ActiveCfg = Release|Any CPU
		{9600459F-6434-4AE3-9FE8-EB44670BD5CE}.Release|Any CPU.Build.0 = Release|Any CPU
	EndGlobalSection
	GlobalSection(SolutionProperties) = preSolution
		HideSolutionNode = FALSE
	EndGlobalSection
	GlobalSection(ExtensibilityGlobals) = postSolution
		SolutionGuid = {8B61288C-7C54-43AB-8D51-997A5A672069}
	EndGlobalSection
EndGlobal
